# This file is autogenerated, do not edit; changes may be undone by the next 'dep ensure'.


[[projects]]
  name = "github.com/codegangsta/inject"
  packages = ["."]
  revision = "37d7f8432a3e684eef9b2edece76bdfa6ac85b39"
  version = "v1.0-rc1"

[[projects]]
  name = "github.com/codeskyblue/go-sh"
  packages = ["."]
  revision = "b097669b1569203c3ce05a6b8717d43140fdb3d5"
  version = "0.2"

[solve-meta]
  analyzer-name = "dep"
  analyzer-version = 1
  inputs-digest = "c348ca3bc25da0c19a38efe0a99fba682411a327cf550535a2175132ca0e4a08"
  solver-name = "gps-cdcl"
  solver-version = 1
